
Microsoft Visual Studio Solution File, Format Version 12.00
# Visual Studio Version 17
VisualStudioVersion = 17.7.34024.191
MinimumVisualStudioVersion = 10.0.40219.1
Project("{FAE04EC0-301F-11D3-BF4B-00C04F79EFBC}") = "ExecService", "ExecService\ExecService.csproj", "{EC1D606A-049E-41E6-B888-968BEB8923FA}"
EndProject
Global
	GlobalSection(SolutionConfigurationPlatforms) = preSolution
		Debug|Any CPU = Debug|Any CPU
		Release|Any CPU = Release|Any CPU
	EndGlobalSection
	GlobalSection(ProjectConfigurationPlatforms) = postSolution
		{EC1D606A-049E-41E6-B888-968BEB8923FA}.Debug|Any CPU.ActiveCfg = Debug|Any CPU
		{EC1D606A-049E-41E6-B888-968BEB8923FA}.Debug|Any CPU.Build.0 = Debug|Any CPU
		{EC1D606A-049E-41E6-B888-968BEB8923FA}.Release|Any CPU.ActiveCfg = Release|Any CPU
		{EC1D606A-049E-41E6-B888-968BEB8923FA}.Release|Any CPU.Build.0 = Release|Any CPU
	EndGlobalSection
	GlobalSection(SolutionProperties) = preSolution
		HideSolutionNode = FALSE
	EndGlobalSection
	GlobalSection(ExtensibilityGlobals) = postSolution
		SolutionGuid = {5921F420-9086-4C89-998F-53C7FB572663}
	EndGlobalSection
EndGlobal
